
Microsoft Visual Studio Solution File, Format Version 12.00
# Visual Studio Version 17
VisualStudioVersion = 17.2.32630.192
MinimumVisualStudioVersion = 10.0.40219.1
Project("{9A19103F-16F7-4668-BE54-9A1E7A4F7556}") = "aoc2022", "aoc2022.csproj", "{C04E766D-FF5D-40C4-B61D-B7CF9EFA2E9D}"
EndProject
Project("{9A19103F-16F7-4668-BE54-9A1E7A4F7556}") = "Day01", "..\Day01\Day01.csproj", "{187C561E-CEB4-4EC1-92CD-CD0BC17CB5E6}"
EndProject
Project("{9A19103F-16F7-4668-BE54-9A1E7A4F7556}") = "Day02", "..\Day02\Day02.csproj", "{86637B69-CCAB-4029-9412-39BC7FD12545}"
EndProject
Project("{9A19103F-16F7-4668-BE54-9A1E7A4F7556}") = "Day03", "..\Day03\Day03.csproj", "{112A0A83-078E-41BA-8304-D6B3850549F0}"
EndProject
Project("{9A19103F-16F7-4668-BE54-9A1E7A4F7556}") = "Day04", "..\Day04\Day04.csproj", "{9CEFECA3-0420-4089-B8EB-CC297B08EC5F}"
EndProject
Project("{9A19103F-16F7-4668-BE54-9A1E7A4F7556}") = "Day05", "..\Day05\Day05.csproj", "{9135A459-D3B9-4B7B-B9F0-3D496F9A42F7}"
EndProject
Project("{FAE04EC0-301F-11D3-BF4B-00C04F79EFBC}") = "Day06", "..\Day06\Day06.csproj", "{9315C768-EBAC-456F-A311-A589739A4C67}"
EndProject
Global
	GlobalSection(SolutionConfigurationPlatforms) = preSolution
		Debug|Any CPU = Debug|Any CPU
		Release|Any CPU = Release|Any CPU
	EndGlobalSection
	GlobalSection(ProjectConfigurationPlatforms) = postSolution
		{C04E766D-FF5D-40C4-B61D-B7CF9EFA2E9D}.Debug|Any CPU.ActiveCfg = Debug|Any CPU
		{C04E766D-FF5D-40C4-B61D-B7CF9EFA2E9D}.Debug|Any CPU.Build.0 = Debug|Any CPU
		{C04E766D-FF5D-40C4-B61D-B7CF9EFA2E9D}.Release|Any CPU.ActiveCfg = Release|Any CPU
		{C04E766D-FF5D-40C4-B61D-B7CF9EFA2E9D}.Release|Any CPU.Build.0 = Release|Any CPU
		{187C561E-CEB4-4EC1-92CD-CD0BC17CB5E6}.Debug|Any CPU.ActiveCfg = Debug|Any CPU
		{187C561E-CEB4-4EC1-92CD-CD0BC17CB5E6}.Debug|Any CPU.Build.0 = Debug|Any CPU
		{187C561E-CEB4-4EC1-92CD-CD0BC17CB5E6}.Release|Any CPU.ActiveCfg = Release|Any CPU
		{187C561E-CEB4-4EC1-92CD-CD0BC17CB5E6}.Release|Any CPU.Build.0 = Release|Any CPU
		{86637B69-CCAB-4029-9412-39BC7FD12545}.Debug|Any CPU.ActiveCfg = Debug|Any CPU
		{86637B69-CCAB-4029-9412-39BC7FD12545}.Debug|Any CPU.Build.0 = Debug|Any CPU
		{86637B69-CCAB-4029-9412-39BC7FD12545}.Release|Any CPU.ActiveCfg = Release|Any CPU
		{86637B69-CCAB-4029-9412-39BC7FD12545}.Release|Any CPU.Build.0 = Release|Any CPU
		{112A0A83-078E-41BA-8304-D6B3850549F0}.Debug|Any CPU.ActiveCfg = Debug|Any CPU
		{112A0A83-078E-41BA-8304-D6B3850549F0}.Debug|Any CPU.Build.0 = Debug|Any CPU
		{112A0A83-078E-41BA-8304-D6B3850549F0}.Release|Any CPU.ActiveCfg = Release|Any CPU
		{112A0A83-078E-41BA-8304-D6B3850549F0}.Release|Any CPU.Build.0 = Release|Any CPU
		{9CEFECA3-0420-4089-B8EB-CC297B08EC5F}.Debug|Any CPU.ActiveCfg = Debug|Any CPU
		{9CEFECA3-0420-4089-B8EB-CC297B08EC5F}.Debug|Any CPU.Build.0 = Debug|Any CPU
		{9CEFECA3-0420-4089-B8EB-CC297B08EC5F}.Release|Any CPU.ActiveCfg = Release|Any CPU
		{9CEFECA3-0420-4089-B8EB-CC297B08EC5F}.Release|Any CPU.Build.0 = Release|Any CPU
		{9135A459-D3B9-4B7B-B9F0-3D496F9A42F7}.Debug|Any CPU.ActiveCfg = Debug|Any CPU
		{9135A459-D3B9-4B7B-B9F0-3D496F9A42F7}.Debug|Any CPU.Build.0 = Debug|Any CPU
		{9135A459-D3B9-4B7B-B9F0-3D496F9A42F7}.Release|Any CPU.ActiveCfg = Release|Any CPU
		{9135A459-D3B9-4B7B-B9F0-3D496F9A42F7}.Release|Any CPU.Build.0 = Release|Any CPU
		{9315C768-EBAC-456F-A311-A589739A4C67}.Debug|Any CPU.ActiveCfg = Debug|Any CPU
		{9315C768-EBAC-456F-A311-A589739A4C67}.Debug|Any CPU.Build.0 = Debug|Any CPU
		{9315C768-EBAC-456F-A311-A589739A4C67}.Release|Any CPU.ActiveCfg = Release|Any CPU
		{9315C768-EBAC-456F-A311-A589739A4C67}.Release|Any CPU.Build.0 = Release|Any CPU
	EndGlobalSection
	GlobalSection(SolutionProperties) = preSolution
		HideSolutionNode = FALSE
	EndGlobalSection
	GlobalSection(ExtensibilityGlobals) = postSolution
		SolutionGuid = {DA356CF4-58FF-4348-BAFC-9469781B46FD}
	EndGlobalSection
EndGlobal
